// !$*UTF8*$!
{
	archiveVersion = 1;
	classes = {
	};
	objectVersion = 46;
	objects = {

/* Begin PBXBuildFile section */
		4FC40B6D20312A66008FF4EC /* MHToolKit_Framwork.framework in Frameworks */ = {isa = PBXBuildFile; fileRef = 4FC40B6C20312A66008FF4EC /* MHToolKit_Framwork.framework */; };
		4FC40B7020312E26008FF4EC /* ServiceBluetoothViewController.m in Sources */ = {isa = PBXBuildFile; fileRef = 4FC40B6F20312E26008FF4EC /* ServiceBluetoothViewController.m */; };
		4FC40B7920313D4E008FF4EC /* common_back@2x.png in Resources */ = {isa = PBXBuildFile; fileRef = 4FC40B7820313D4E008FF4EC /* common_back@2x.png */; };
		4FC40B7C20314BD8008FF4EC /* GlobalData.m in Sources */ = {isa = PBXBuildFile; fileRef = 4FC40B7B20314BD8008FF4EC /* GlobalData.m */; };
		4FDFA73F20311EA500E21546 /* main.m in Sources */ = {isa = PBXBuildFile; fileRef = 4FDFA73E20311EA500E21546 /* main.m */; };
		4FDFA74220311EA500E21546 /* AppDelegate.m in Sources */ = {isa = PBXBuildFile; fileRef = 4FDFA74120311EA500E21546 /* AppDelegate.m */; };
		4FDFA74A20311EA500E21546 /* Assets.xcassets in Resources */ = {isa = PBXBuildFile; fileRef = 4FDFA74920311EA500E21546 /* Assets.xcassets */; };
		4FDFA75E203121E000E21546 /* UIView+Toast.m in Sources */ = {isa = PBXBuildFile; fileRef = 4FDFA75D203121E000E21546 /* UIView+Toast.m */; };
		4FDFA7682031225400E21546 /* BluetoothDevice.m in Sources */ = {isa = PBXBuildFile; fileRef = 4FDFA7652031225400E21546 /* BluetoothDevice.m */; };
		4FDFA7692031225400E21546 /* BluetoothDeviceManager.m in Sources */ = {isa = PBXBuildFile; fileRef = 4FDFA7672031225400E21546 /* BluetoothDeviceManager.m */; };
		4FDFA76C2031232400E21546 /* BaseBluetoothViewController.m in Sources */ = {isa = PBXBuildFile; fileRef = 4FDFA76B2031232400E21546 /* BaseBluetoothViewController.m */; };
		4FDFA76F2031233800E21546 /* DiscoverBluetoothViewController.m in Sources */ = {isa = PBXBuildFile; fileRef = 4FDFA76E2031233800E21546 /* DiscoverBluetoothViewController.m */; };
		4FDFD94220316D8D003FD3FC /* CharacteristicBluetoothViewController.m in Sources */ = {isa = PBXBuildFile; fileRef = 4FDFD94120316D8D003FD3FC /* CharacteristicBluetoothViewController.m */; };
		4FDFD94620317CB0003FD3FC /* CommonNavigationView.m in Sources */ = {isa = PBXBuildFile; fileRef = 4FDFD94520317CB0003FD3FC /* CommonNavigationView.m */; };
		4FDFD94D20318180003FD3FC /* CharacteristicBluetoothTableViewCell.m in Sources */ = {isa = PBXBuildFile; fileRef = 4FDFD94C20318180003FD3FC /* CharacteristicBluetoothTableViewCell.m */; };
/* End PBXBuildFile section */

/* Begin PBXFileReference section */
		4FC40B6C20312A66008FF4EC /* MHToolKit_Framwork.framework */ = {isa = PBXFileReference; lastKnownFileType = wrapper.framework; path = MHToolKit_Framwork.framework; sourceTree = "<group>"; };
		4FC40B6E20312E26008FF4EC /* ServiceBluetoothViewController.h */ = {isa = PBXFileReference; fileEncoding = 4; lastKnownFileType = sourcecode.c.h; path = ServiceBluetoothViewController.h; sourceTree = "<group>"; };
		4FC40B6F20312E26008FF4EC /* ServiceBluetoothViewController.m */ = {isa = PBXFileReference; fileEncoding = 4; lastKnownFileType = sourcecode.c.objc; path = ServiceBluetoothViewController.m; sourceTree = "<group>"; };
		4FC40B7820313D4E008FF4EC /* common_back@2x.png */ = {isa = PBXFileReference; lastKnownFileType = image.png; path = "common_back@2x.png"; sourceTree = "<group>"; };
		4FC40B7A20314BD8008FF4EC /* GlobalData.h */ = {isa = PBXFileReference; fileEncoding = 4; lastKnownFileType = sourcecode.c.h; path = GlobalData.h; sourceTree = "<group>"; };
		4FC40B7B20314BD8008FF4EC /* GlobalData.m */ = {isa = PBXFileReference; fileEncoding = 4; lastKnownFileType = sourcecode.c.objc; path = GlobalData.m; sourceTree = "<group>"; };
		4FDFA73A20311EA500E21546 /* BluetoothScanApp.app */ = {isa = PBXFileReference; explicitFileType = wrapper.application; includeInIndex = 0; path = BluetoothScanApp.app; sourceTree = BUILT_PRODUCTS_DIR; };
		4FDFA73E20311EA500E21546 /* main.m */ = {isa = PBXFileReference; lastKnownFileType = sourcecode.c.objc; path = main.m; sourceTree = "<group>"; };
		4FDFA74020311EA500E21546 /* AppDelegate.h */ = {isa = PBXFileReference; lastKnownFileType = sourcecode.c.h; path = AppDelegate.h; sourceTree = "<group>"; };
		4FDFA74120311EA500E21546 /* AppDelegate.m */ = {isa = PBXFileReference; lastKnownFileType = sourcecode.c.objc; path = AppDelegate.m; sourceTree = "<group>"; };
		4FDFA74920311EA500E21546 /* Assets.xcassets */ = {isa = PBXFileReference; lastKnownFileType = folder.assetcatalog; path = Assets.xcassets; sourceTree = "<group>"; };
		4FDFA74E20311EA500E21546 /* Info.plist */ = {isa = PBXFileReference; lastKnownFileType = text.plist.xml; path = Info.plist; sourceTree = "<group>"; };
		4FDFA75C203121E000E21546 /* UIView+Toast.h */ = {isa = PBXFileReference; fileEncoding = 4; lastKnownFileType = sourcecode.c.h; path = "UIView+Toast.h"; sourceTree = "<group>"; };
		4FDFA75D203121E000E21546 /* UIView+Toast.m */ = {isa = PBXFileReference; fileEncoding = 4; lastKnownFileType = sourcecode.c.objc; path = "UIView+Toast.m"; sourceTree = "<group>"; };
		4FDFA7642031225400E21546 /* BluetoothDevice.h */ = {isa = PBXFileReference; fileEncoding = 4; lastKnownFileType = sourcecode.c.h; path = BluetoothDevice.h; sourceTree = "<group>"; };
		4FDFA7652031225400E21546 /* BluetoothDevice.m */ = {isa = PBXFileReference; fileEncoding = 4; lastKnownFileType = sourcecode.c.objc; path = BluetoothDevice.m; sourceTree = "<group>"; };
		4FDFA7662031225400E21546 /* BluetoothDeviceManager.h */ = {isa = PBXFileReference; fileEncoding = 4; lastKnownFileType = sourcecode.c.h; path = BluetoothDeviceManager.h; sourceTree = "<group>"; };
		4FDFA7672031225400E21546 /* BluetoothDeviceManager.m */ = {isa = PBXFileReference; fileEncoding = 4; lastKnownFileType = sourcecode.c.objc; path = BluetoothDeviceManager.m; sourceTree = "<group>"; };
		4FDFA76A2031232400E21546 /* BaseBluetoothViewController.h */ = {isa = PBXFileReference; fileEncoding = 4; lastKnownFileType = sourcecode.c.h; path = BaseBluetoothViewController.h; sourceTree = "<group>"; };
		4FDFA76B2031232400E21546 /* BaseBluetoothViewController.m */ = {isa = PBXFileReference; fileEncoding = 4; lastKnownFileType = sourcecode.c.objc; path = BaseBluetoothViewController.m; sourceTree = "<group>"; };
		4FDFA76D2031233800E21546 /* DiscoverBluetoothViewController.h */ = {isa = PBXFileReference; fileEncoding = 4; lastKnownFileType = sourcecode.c.h; path = DiscoverBluetoothViewController.h; sourceTree = "<group>"; };
		4FDFA76E2031233800E21546 /* DiscoverBluetoothViewController.m */ = {isa = PBXFileReference; fileEncoding = 4; lastKnownFileType = sourcecode.c.objc; path = DiscoverBluetoothViewController.m; sourceTree = "<group>"; };
		4FDFD94020316D8D003FD3FC /* CharacteristicBluetoothViewController.h */ = {isa = PBXFileReference; fileEncoding = 4; lastKnownFileType = sourcecode.c.h; path = CharacteristicBluetoothViewController.h; sourceTree = "<group>"; };
		4FDFD94120316D8D003FD3FC /* CharacteristicBluetoothViewController.m */ = {isa = PBXFileReference; fileEncoding = 4; lastKnownFileType = sourcecode.c.objc; path = CharacteristicBluetoothViewController.m; sourceTree = "<group>"; };
		4FDFD94420317CB0003FD3FC /* CommonNavigationView.h */ = {isa = PBXFileReference; fileEncoding = 4; lastKnownFileType = sourcecode.c.h; path = CommonNavigationView.h; sourceTree = "<group>"; };
		4FDFD94520317CB0003FD3FC /* CommonNavigationView.m */ = {isa = PBXFileReference; fileEncoding = 4; lastKnownFileType = sourcecode.c.objc; path = CommonNavigationView.m; sourceTree = "<group>"; };
		4FDFD94B20318180003FD3FC /* CharacteristicBluetoothTableViewCell.h */ = {isa = PBXFileReference; fileEncoding = 4; lastKnownFileType = sourcecode.c.h; path = CharacteristicBluetoothTableViewCell.h; sourceTree = "<group>"; };
		4FDFD94C20318180003FD3FC /* CharacteristicBluetoothTableViewCell.m */ = {isa = PBXFileReference; fileEncoding = 4; lastKnownFileType = sourcecode.c.objc; path = CharacteristicBluetoothTableViewCell.m; sourceTree = "<group>"; };
/* End PBXFileReference section */

/* Begin PBXFrameworksBuildPhase section */
		4FDFA73720311EA500E21546 /* Frameworks */ = {
			isa = PBXFrameworksBuildPhase;
			buildActionMask = 2147483647;
			files = (
				4FC40B6D20312A66008FF4EC /* MHToolKit_Framwork.framework in Frameworks */,
			);
			runOnlyForDeploymentPostprocessing = 0;
		};
/* End PBXFrameworksBuildPhase section */

/* Begin PBXGroup section */
		4FC40B7720313CF1008FF4EC /* Image */ = {
			isa = PBXGroup;
			children = (
				4FC40B7820313D4E008FF4EC /* common_back@2x.png */,
			);
			path = Image;
			sourceTree = "<group>";
		};
		4FDFA73120311EA500E21546 = {
			isa = PBXGroup;
			children = (
				4FDFA73C20311EA500E21546 /* BluetoothScanApp */,
				4FDFA73B20311EA500E21546 /* Products */,
			);
			sourceTree = "<group>";
		};
		4FDFA73B20311EA500E21546 /* Products */ = {
			isa = PBXGroup;
			children = (
				4FDFA73A20311EA500E21546 /* BluetoothScanApp.app */,
			);
			name = Products;
			sourceTree = "<group>";
		};
		4FDFA73C20311EA500E21546 /* BluetoothScanApp */ = {
			isa = PBXGroup;
			children = (
				4FDFA7552031215E00E21546 /* External */,
				4FC40B7720313CF1008FF4EC /* Image */,
				4FDFA7542031215E00E21546 /* Controller */,
				4FDFA7562031215E00E21546 /* Model */,
				4FDFA7572031215E00E21546 /* View */,
				4FDFA74020311EA500E21546 /* AppDelegate.h */,
				4FDFA74120311EA500E21546 /* AppDelegate.m */,
				4FDFA74920311EA500E21546 /* Assets.xcassets */,
				4FDFA74E20311EA500E21546 /* Info.plist */,
				4FDFA73D20311EA500E21546 /* Supporting Files */,
			);
			path = BluetoothScanApp;
			sourceTree = "<group>";
		};
		4FDFA73D20311EA500E21546 /* Supporting Files */ = {
			isa = PBXGroup;
			children = (
				4FDFA73E20311EA500E21546 /* main.m */,
			);
			name = "Supporting Files";
			sourceTree = "<group>";
		};
		4FDFA7542031215E00E21546 /* Controller */ = {
			isa = PBXGroup;
			children = (
				4FDFA76A2031232400E21546 /* BaseBluetoothViewController.h */,
				4FDFA76B2031232400E21546 /* BaseBluetoothViewController.m */,
				4FDFA76D2031233800E21546 /* DiscoverBluetoothViewController.h */,
				4FDFA76E2031233800E21546 /* DiscoverBluetoothViewController.m */,
				4FC40B6E20312E26008FF4EC /* ServiceBluetoothViewController.h */,
				4FC40B6F20312E26008FF4EC /* ServiceBluetoothViewController.m */,
				4FDFD94020316D8D003FD3FC /* CharacteristicBluetoothViewController.h */,
				4FDFD94120316D8D003FD3FC /* CharacteristicBluetoothViewController.m */,
			);
			path = Controller;
			sourceTree = "<group>";
		};
		4FDFA7552031215E00E21546 /* External */ = {
			isa = PBXGroup;
			children = (
				4FC40B6C20312A66008FF4EC /* MHToolKit_Framwork.framework */,
				4FDFA75B203121E000E21546 /* Toast */,
			);
			path = External;
			sourceTree = "<group>";
		};
		4FDFA7562031215E00E21546 /* Model */ = {
			isa = PBXGroup;
			children = (
				4FC40B7A20314BD8008FF4EC /* GlobalData.h */,
				4FC40B7B20314BD8008FF4EC /* GlobalData.m */,
				4FDFA7642031225400E21546 /* BluetoothDevice.h */,
				4FDFA7652031225400E21546 /* BluetoothDevice.m */,
				4FDFA7662031225400E21546 /* BluetoothDeviceManager.h */,
				4FDFA7672031225400E21546 /* BluetoothDeviceManager.m */,
			);
			path = Model;
			sourceTree = "<group>";
		};
		4FDFA7572031215E00E21546 /* View */ = {
			isa = PBXGroup;
			children = (
				4FDFD94320317C33003FD3FC /* NavigationView */,
				4FDFD94720317CCA003FD3FC /* TableViewCell */,
			);
			path = View;
			sourceTree = "<group>";
		};
		4FDFA75B203121E000E21546 /* Toast */ = {
			isa = PBXGroup;
			children = (
				4FDFA75C203121E000E21546 /* UIView+Toast.h */,
				4FDFA75D203121E000E21546 /* UIView+Toast.m */,
			);
			path = Toast;
			sourceTree = "<group>";
		};
		4FDFD94320317C33003FD3FC /* NavigationView */ = {
			isa = PBXGroup;
			children = (
				4FDFD94420317CB0003FD3FC /* CommonNavigationView.h */,
				4FDFD94520317CB0003FD3FC /* CommonNavigationView.m */,
			);
			path = NavigationView;
			sourceTree = "<group>";
		};
		4FDFD94720317CCA003FD3FC /* TableViewCell */ = {
			isa = PBXGroup;
			children = (
				4FDFD94B20318180003FD3FC /* CharacteristicBluetoothTableViewCell.h */,
				4FDFD94C20318180003FD3FC /* CharacteristicBluetoothTableViewCell.m */,
			);
			path = TableViewCell;
			sourceTree = "<group>";
		};
/* End PBXGroup section */

/* Begin PBXNativeTarget section */
		4FDFA73920311EA500E21546 /* BluetoothScanApp */ = {
			isa = PBXNativeTarget;
			buildConfigurationList = 4FDFA75120311EA500E21546 /* Build configuration list for PBXNativeTarget "BluetoothScanApp" */;
			buildPhases = (
				4FDFA73620311EA500E21546 /* Sources */,
				4FDFA73720311EA500E21546 /* Frameworks */,
				4FDFA73820311EA500E21546 /* Resources */,
			);
			buildRules = (
			);
			dependencies = (
			);
			name = BluetoothScanApp;
			productName = BluetoothScanApp;
			productReference = 4FDFA73A20311EA500E21546 /* BluetoothScanApp.app */;
			productType = "com.apple.product-type.application";
		};
/* End PBXNativeTarget section */

/* Begin PBXProject section */
		4FDFA73220311EA500E21546 /* Project object */ = {
			isa = PBXProject;
			attributes = {
				LastUpgradeCheck = 0830;
				ORGANIZATIONNAME = "Bo-Rong";
				TargetAttributes = {
					4FDFA73920311EA500E21546 = {
						CreatedOnToolsVersion = 8.3.2;
						DevelopmentTeam = RGS6LBF5BP;
						ProvisioningStyle = Automatic;
					};
				};
			};
			buildConfigurationList = 4FDFA73520311EA500E21546 /* Build configuration list for PBXProject "BluetoothScanApp" */;
			compatibilityVersion = "Xcode 3.2";
			developmentRegion = English;
			hasScannedForEncodings = 0;
			knownRegions = (
				en,
				Base,
			);
			mainGroup = 4FDFA73120311EA500E21546;
			productRefGroup = 4FDFA73B20311EA500E21546 /* Products */;
			projectDirPath = "";
			projectRoot = "";
			targets = (
				4FDFA73920311EA500E21546 /* BluetoothScanApp */,
			);
		};
/* End PBXProject section */

/* Begin PBXResourcesBuildPhase section */
		4FDFA73820311EA500E21546 /* Resources */ = {
			isa = PBXResourcesBuildPhase;
			buildActionMask = 2147483647;
			files = (
				4FC40B7920313D4E008FF4EC /* common_back@2x.png in Resources */,
				4FDFA74A20311EA500E21546 /* Assets.xcassets in Resources */,
			);
			runOnlyForDeploymentPostprocessing = 0;
		};
/* End PBXResourcesBuildPhase section */

/* Begin PBXSourcesBuildPhase section */
		4FDFA73620311EA500E21546 /* Sources */ = {
			isa = PBXSourcesBuildPhase;
			buildActionMask = 2147483647;
			files = (
				4FDFA76F2031233800E21546 /* DiscoverBluetoothViewController.m in Sources */,
				4FDFA76C2031232400E21546 /* BaseBluetoothViewController.m in Sources */,
				4FDFD94620317CB0003FD3FC /* CommonNavigationView.m in Sources */,
				4FC40B7020312E26008FF4EC /* ServiceBluetoothViewController.m in Sources */,
				4FDFD94D20318180003FD3FC /* CharacteristicBluetoothTableViewCell.m in Sources */,
				4FDFA7682031225400E21546 /* BluetoothDevice.m in Sources */,
				4FDFA75E203121E000E21546 /* UIView+Toast.m in Sources */,
				4FDFA74220311EA500E21546 /* AppDelegate.m in Sources */,
				4FDFD94220316D8D003FD3FC /* CharacteristicBluetoothViewController.m in Sources */,
				4FDFA7692031225400E21546 /* BluetoothDeviceManager.m in Sources */,
				4FC40B7C20314BD8008FF4EC /* GlobalData.m in Sources */,
				4FDFA73F20311EA500E21546 /* main.m in Sources */,
			);
			runOnlyForDeploymentPostprocessing = 0;
		};
/* End PBXSourcesBuildPhase section */

/* Begin XCBuildConfiguration section */
		4FDFA74F20311EA500E21546 /* Debug */ = {
			isa = XCBuildConfiguration;
			buildSettings = {
				ALWAYS_SEARCH_USER_PATHS = NO;
				CLANG_ANALYZER_NONNULL = YES;
				CLANG_ANALYZER_NUMBER_OBJECT_CONVERSION = YES_AGGRESSIVE;
				CLANG_CXX_LANGUAGE_STANDARD = "gnu++0x";
				CLANG_CXX_LIBRARY = "libc++";
				CLANG_ENABLE_MODULES = YES;
				CLANG_ENABLE_OBJC_ARC = YES;
				CLANG_WARN_BOOL_CONVERSION = YES;
				CLANG_WARN_CONSTANT_CONVERSION = YES;
				CLANG_WARN_DIRECT_OBJC_ISA_USAGE = YES_ERROR;
				CLANG_WARN_DOCUMENTATION_COMMENTS = YES;
				CLANG_WARN_EMPTY_BODY = YES;
				CLANG_WARN_ENUM_CONVERSION = YES;
				CLANG_WARN_INFINITE_RECURSION = YES;
				CLANG_WARN_INT_CONVERSION = YES;
				CLANG_WARN_OBJC_ROOT_CLASS = YES_ERROR;
				CLANG_WARN_SUSPICIOUS_MOVE = YES;
				CLANG_WARN_UNREACHABLE_CODE = YES;
				CLANG_WARN__DUPLICATE_METHOD_MATCH = YES;
				"CODE_SIGN_IDENTITY[sdk=iphoneos*]" = "iPhone Developer";
				COPY_PHASE_STRIP = NO;
				DEBUG_INFORMATION_FORMAT = dwarf;
				ENABLE_STRICT_OBJC_MSGSEND = YES;
				ENABLE_TESTABILITY = YES;
				GCC_C_LANGUAGE_STANDARD = gnu99;
				GCC_DYNAMIC_NO_PIC = NO;
				GCC_NO_COMMON_BLOCKS = YES;
				GCC_OPTIMIZATION_LEVEL = 0;
				GCC_PREPROCESSOR_DEFINITIONS = (
					"DEBUG=1",
					"$(inherited)",
				);
				GCC_WARN_64_TO_32_BIT_CONVERSION = YES;
				GCC_WARN_ABOUT_RETURN_TYPE = YES_ERROR;
				GCC_WARN_UNDECLARED_SELECTOR = YES;
				GCC_WARN_UNINITIALIZED_AUTOS = YES_AGGRESSIVE;
				GCC_WARN_UNUSED_FUNCTION = YES;
				GCC_WARN_UNUSED_VARIABLE = YES;
				IPHONEOS_DEPLOYMENT_TARGET = 10.3;
				MTL_ENABLE_DEBUG_INFO = YES;
				ONLY_ACTIVE_ARCH = YES;
				SDKROOT = iphoneos;
			};
			name = Debug;
		};
		4FDFA75020311EA500E21546 /* Release */ = {
			isa = XCBuildConfiguration;
			buildSettings = {
				ALWAYS_SEARCH_USER_PATHS = NO;
				CLANG_ANALYZER_NONNULL = YES;
				CLANG_ANALYZER_NUMBER_OBJECT_CONVERSION = YES_AGGRESSIVE;
				CLANG_CXX_LANGUAGE_STANDARD = "gnu++0x";
				CLANG_CXX_LIBRARY = "libc++";
				CLANG_ENABLE_MODULES = YES;
				CLANG_ENABLE_OBJC_ARC = YES;
				CLANG_WARN_BOOL_CONVERSION = YES;
				CLANG_WARN_CONSTANT_CONVERSION = YES;
				CLANG_WARN_DIRECT_OBJC_ISA_USAGE = YES_ERROR;
				CLANG_WARN_DOCUMENTATION_COMMENTS = YES;
				CLANG_WARN_EMPTY_BODY = YES;
				CLANG_WARN_ENUM_CONVERSION = YES;
				CLANG_WARN_INFINITE_RECURSION = YES;
				CLANG_WARN_INT_CONVERSION = YES;
				CLANG_WARN_OBJC_ROOT_CLASS = YES_ERROR;
				CLANG_WARN_SUSPICIOUS_MOVE = YES;
				CLANG_WARN_UNREACHABLE_CODE = YES;
				CLANG_WARN__DUPLICATE_METHOD_MATCH = YES;
				"CODE_SIGN_IDENTITY[sdk=iphoneos*]" = "iPhone Developer";
				COPY_PHASE_STRIP = NO;
				DEBUG_INFORMATION_FORMAT = "dwarf-with-dsym";
				ENABLE_NS_ASSERTIONS = NO;
				ENABLE_STRICT_OBJC_MSGSEND = YES;
				GCC_C_LANGUAGE_STANDARD = gnu99;
				GCC_NO_COMMON_BLOCKS = YES;
				GCC_WARN_64_TO_32_BIT_CONVERSION = YES;
				GCC_WARN_ABOUT_RETURN_TYPE = YES_ERROR;
				GCC_WARN_UNDECLARED_SELECTOR = YES;
				GCC_WARN_UNINITIALIZED_AUTOS = YES_AGGRESSIVE;
				GCC_WARN_UNUSED_FUNCTION = YES;
				GCC_WARN_UNUSED_VARIABLE = YES;
				IPHONEOS_DEPLOYMENT_TARGET = 10.3;
				MTL_ENABLE_DEBUG_INFO = NO;
				SDKROOT = iphoneos;
				VALIDATE_PRODUCT = YES;
			};
			name = Release;
		};
		4FDFA75220311EA500E21546 /* Debug */ = {
			isa = XCBuildConfiguration;
			buildSettings = {
				ASSETCATALOG_COMPILER_APPICON_NAME = AppIcon;
				ASSETCATALOG_COMPILER_LAUNCHIMAGE_NAME = LaunchImage;
				DEVELOPMENT_TEAM = RGS6LBF5BP;
				ENABLE_BITCODE = NO;
				FRAMEWORK_SEARCH_PATHS = (
					"$(inherited)",
					"$(PROJECT_DIR)/BluetoothScanApp/External",
				);
				INFOPLIST_FILE = BluetoothScanApp/Info.plist;
				IPHONEOS_DEPLOYMENT_TARGET = 8.0;
				LD_RUNPATH_SEARCH_PATHS = "$(inherited) @executable_path/Frameworks";
				PRODUCT_BUNDLE_IDENTIFIER = taiwantaxi.BluetoothScanApp;
				PRODUCT_NAME = "$(TARGET_NAME)";
			};
			name = Debug;
		};
		4FDFA75320311EA500E21546 /* Release */ = {
			isa = XCBuildConfiguration;
			buildSettings = {
				ASSETCATALOG_COMPILER_APPICON_NAME = AppIcon;
				ASSETCATALOG_COMPILER_LAUNCHIMAGE_NAME = LaunchImage;
				DEVELOPMENT_TEAM = RGS6LBF5BP;
				ENABLE_BITCODE = NO;
				FRAMEWORK_SEARCH_PATHS = (
					"$(inherited)",
					"$(PROJECT_DIR)/BluetoothScanApp/External",
				);
				INFOPLIST_FILE = BluetoothScanApp/Info.plist;
				IPHONEOS_DEPLOYMENT_TARGET = 8.0;
				LD_RUNPATH_SEARCH_PATHS = "$(inherited) @executable_path/Frameworks";
				PRODUCT_BUNDLE_IDENTIFIER = taiwantaxi.BluetoothScanApp;
				PRODUCT_NAME = "$(TARGET_NAME)";
			};
			name = Release;
		};
/* End XCBuildConfiguration section */

/* Begin XCConfigurationList section */
		4FDFA73520311EA500E21546 /* Build configuration list for PBXProject "BluetoothScanApp" */ = {
			isa = XCConfigurationList;
			buildConfigurations = (
				4FDFA74F20311EA500E21546 /* Debug */,
				4FDFA75020311EA500E21546 /* Release */,
			);
			defaultConfigurationIsVisible = 0;
			defaultConfigurationName = Release;
		};
		4FDFA75120311EA500E21546 /* Build configuration list for PBXNativeTarget "BluetoothScanApp" */ = {
			isa = XCConfigurationList;
			buildConfigurations = (
				4FDFA75220311EA500E21546 /* Debug */,
				4FDFA75320311EA500E21546 /* Release */,
			);
			defaultConfigurationIsVisible = 0;
			defaultConfigurationName = Release;
		};
/* End XCConfigurationList section */
	};
	rootObject = 4FDFA73220311EA500E21546 /* Project object */;
}
